
Microsoft Visual Studio Solution File, Format Version 12.00
# Visual Studio Version 16
VisualStudioVersion = 16.0.30907.101
MinimumVisualStudioVersion = 10.0.40219.1
Project("{FAE04EC0-301F-11D3-BF4B-00C04F79EFBC}") = "les3", "les3\les3.csproj", "{31025F55-E544-4621-A45F-49F062403898}"
EndProject
Global
	GlobalSection(SolutionConfigurationPlatforms) = preSolution
		Debug|Any CPU = Debug|Any CPU
		Release|Any CPU = Release|Any CPU
	EndGlobalSection
	GlobalSection(ProjectConfigurationPlatforms) = postSolution
		{31025F55-E544-4621-A45F-49F062403898}.Debug|Any CPU.ActiveCfg = Debug|Any CPU
		{31025F55-E544-4621-A45F-49F062403898}.Debug|Any CPU.Build.0 = Debug|Any CPU
		{31025F55-E544-4621-A45F-49F062403898}.Release|Any CPU.ActiveCfg = Release|Any CPU
		{31025F55-E544-4621-A45F-49F062403898}.Release|Any CPU.Build.0 = Release|Any CPU
	EndGlobalSection
	GlobalSection(SolutionProperties) = preSolution
		HideSolutionNode = FALSE
	EndGlobalSection
	GlobalSection(ExtensibilityGlobals) = postSolution
		SolutionGuid = {87CEC39D-C529-4264-A460-EEE1AF8BF52A}
	EndGlobalSection
EndGlobal
